
Microsoft Visual Studio Solution File, Format Version 12.00
# Visual Studio Version 16
VisualStudioVersion = 16.0.29509.3
MinimumVisualStudioVersion = 10.0.40219.1
Project("{FAE04EC0-301F-11D3-BF4B-00C04F79EFBC}") = "Biblioteca", "Biblioteca\Biblioteca.csproj", "{74B5858D-43E3-4637-ADFE-3F8DF170EF12}"
EndProject
Global
	GlobalSection(SolutionConfigurationPlatforms) = preSolution
		Debug|Any CPU = Debug|Any CPU
		Release|Any CPU = Release|Any CPU
	EndGlobalSection
	GlobalSection(ProjectConfigurationPlatforms) = postSolution
		{74B5858D-43E3-4637-ADFE-3F8DF170EF12}.Debug|Any CPU.ActiveCfg = Debug|Any CPU
		{74B5858D-43E3-4637-ADFE-3F8DF170EF12}.Debug|Any CPU.Build.0 = Debug|Any CPU
		{74B5858D-43E3-4637-ADFE-3F8DF170EF12}.Release|Any CPU.ActiveCfg = Release|Any CPU
		{74B5858D-43E3-4637-ADFE-3F8DF170EF12}.Release|Any CPU.Build.0 = Release|Any CPU
	EndGlobalSection
	GlobalSection(SolutionProperties) = preSolution
		HideSolutionNode = FALSE
	EndGlobalSection
	GlobalSection(ExtensibilityGlobals) = postSolution
		SolutionGuid = {37E5270C-95D0-4945-B2F4-4BC5E01E59CD}
	EndGlobalSection
EndGlobal
